
Microsoft Visual Studio Solution File, Format Version 12.00
# Visual Studio Version 17
VisualStudioVersion = 17.6.33815.320
MinimumVisualStudioVersion = 10.0.40219.1
Project("{FAE04EC0-301F-11D3-BF4B-00C04F79EFBC}") = "Simple.DynamicPolicyPermissions", "Simple.DynamicPermissions\Simple.DynamicPolicyPermissions.csproj", "{EF6AAE25-DBCE-428C-A3B2-E57339FB3201}"
EndProject
Project("{FAE04EC0-301F-11D3-BF4B-00C04F79EFBC}") = "Simple.DynamicPermissions.Testing", "Simple.DynamicPermissions.Testing\Simple.DynamicPermissions.Testing.csproj", "{DBADC574-72AF-4DF0-B142-A072BAE88AE0}"
EndProject
Project("{FAE04EC0-301F-11D3-BF4B-00C04F79EFBC}") = "Simple.DynamicPermissions.TestWebApi", "Simple.DynamicPermissions.TestWebApi\Simple.DynamicPermissions.TestWebApi.csproj", "{B18198CC-CD12-4292-B0E0-B12AD6F02652}"
EndProject
Global
	GlobalSection(SolutionConfigurationPlatforms) = preSolution
		Debug|Any CPU = Debug|Any CPU
		Release|Any CPU = Release|Any CPU
	EndGlobalSection
	GlobalSection(ProjectConfigurationPlatforms) = postSolution
		{EF6AAE25-DBCE-428C-A3B2-E57339FB3201}.Debug|Any CPU.ActiveCfg = Debug|Any CPU
		{EF6AAE25-DBCE-428C-A3B2-E57339FB3201}.Debug|Any CPU.Build.0 = Debug|Any CPU
		{EF6AAE25-DBCE-428C-A3B2-E57339FB3201}.Release|Any CPU.ActiveCfg = Release|Any CPU
		{EF6AAE25-DBCE-428C-A3B2-E57339FB3201}.Release|Any CPU.Build.0 = Release|Any CPU
		{DBADC574-72AF-4DF0-B142-A072BAE88AE0}.Debug|Any CPU.ActiveCfg = Debug|Any CPU
		{DBADC574-72AF-4DF0-B142-A072BAE88AE0}.Debug|Any CPU.Build.0 = Debug|Any CPU
		{DBADC574-72AF-4DF0-B142-A072BAE88AE0}.Release|Any CPU.ActiveCfg = Release|Any CPU
		{DBADC574-72AF-4DF0-B142-A072BAE88AE0}.Release|Any CPU.Build.0 = Release|Any CPU
		{B18198CC-CD12-4292-B0E0-B12AD6F02652}.Debug|Any CPU.ActiveCfg = Debug|Any CPU
		{B18198CC-CD12-4292-B0E0-B12AD6F02652}.Debug|Any CPU.Build.0 = Debug|Any CPU
		{B18198CC-CD12-4292-B0E0-B12AD6F02652}.Release|Any CPU.ActiveCfg = Release|Any CPU
		{B18198CC-CD12-4292-B0E0-B12AD6F02652}.Release|Any CPU.Build.0 = Release|Any CPU
	EndGlobalSection
	GlobalSection(SolutionProperties) = preSolution
		HideSolutionNode = FALSE
	EndGlobalSection
	GlobalSection(ExtensibilityGlobals) = postSolution
		SolutionGuid = {8DCBFC32-1B99-4548-80F1-CEA9760A084B}
	EndGlobalSection
EndGlobal
